
Microsoft Visual Studio Solution File, Format Version 12.00
# Visual Studio Version 17
VisualStudioVersion = 17.4.33122.133
MinimumVisualStudioVersion = 10.0.40219.1
Project("{9A19103F-16F7-4668-BE54-9A1E7A4F7556}") = "IMAOCRM.Repository", "IMAOCRM.Repository\IMAOCRM.Repository.csproj", "{A780C6D6-E77A-4908-8163-9143DB622597}"
EndProject
Project("{9A19103F-16F7-4668-BE54-9A1E7A4F7556}") = "IMAOCMS.Core", "IMAOCMS.Core\IMAOCMS.Core.csproj", "{5BBB4A64-6D08-428E-B26F-D844833F4439}"
EndProject
Project("{9A19103F-16F7-4668-BE54-9A1E7A4F7556}") = "IMAOCRM.Service", "IMAOCRM.Service\IMAOCRM.Service.csproj", "{24DCE676-9CBB-4616-9B04-E01F81A7AF00}"
EndProject
Project("{9A19103F-16F7-4668-BE54-9A1E7A4F7556}") = "IMAOCMS.Web", "IMAOCMS.Web\IMAOCMS.Web.csproj", "{027267ED-6D82-405E-B94E-694368F9369B}"
EndProject
Project("{FAE04EC0-301F-11D3-BF4B-00C04F79EFBC}") = "IMAOCMS.API", "IMAOCMS.API\IMAOCMS.API.csproj", "{4D39430F-4C17-45A2-9206-7D4D21615121}"
EndProject
Global
	GlobalSection(SolutionConfigurationPlatforms) = preSolution
		Debug|Any CPU = Debug|Any CPU
		Debug|x86 = Debug|x86
		Release|Any CPU = Release|Any CPU
		Release|x86 = Release|x86
	EndGlobalSection
	GlobalSection(ProjectConfigurationPlatforms) = postSolution
		{A780C6D6-E77A-4908-8163-9143DB622597}.Debug|Any CPU.ActiveCfg = Debug|Any CPU
		{A780C6D6-E77A-4908-8163-9143DB622597}.Debug|Any CPU.Build.0 = Debug|Any CPU
		{A780C6D6-E77A-4908-8163-9143DB622597}.Debug|x86.ActiveCfg = Debug|Any CPU
		{A780C6D6-E77A-4908-8163-9143DB622597}.Debug|x86.Build.0 = Debug|Any CPU
		{A780C6D6-E77A-4908-8163-9143DB622597}.Release|Any CPU.ActiveCfg = Release|Any CPU
		{A780C6D6-E77A-4908-8163-9143DB622597}.Release|Any CPU.Build.0 = Release|Any CPU
		{A780C6D6-E77A-4908-8163-9143DB622597}.Release|x86.ActiveCfg = Release|Any CPU
		{A780C6D6-E77A-4908-8163-9143DB622597}.Release|x86.Build.0 = Release|Any CPU
		{5BBB4A64-6D08-428E-B26F-D844833F4439}.Debug|Any CPU.ActiveCfg = Debug|Any CPU
		{5BBB4A64-6D08-428E-B26F-D844833F4439}.Debug|Any CPU.Build.0 = Debug|Any CPU
		{5BBB4A64-6D08-428E-B26F-D844833F4439}.Debug|x86.ActiveCfg = Debug|Any CPU
		{5BBB4A64-6D08-428E-B26F-D844833F4439}.Debug|x86.Build.0 = Debug|Any CPU
		{5BBB4A64-6D08-428E-B26F-D844833F4439}.Release|Any CPU.ActiveCfg = Release|Any CPU
		{5BBB4A64-6D08-428E-B26F-D844833F4439}.Release|Any CPU.Build.0 = Release|Any CPU
		{5BBB4A64-6D08-428E-B26F-D844833F4439}.Release|x86.ActiveCfg = Release|Any CPU
		{5BBB4A64-6D08-428E-B26F-D844833F4439}.Release|x86.Build.0 = Release|Any CPU
		{24DCE676-9CBB-4616-9B04-E01F81A7AF00}.Debug|Any CPU.ActiveCfg = Debug|Any CPU
		{24DCE676-9CBB-4616-9B04-E01F81A7AF00}.Debug|Any CPU.Build.0 = Debug|Any CPU
		{24DCE676-9CBB-4616-9B04-E01F81A7AF00}.Debug|x86.ActiveCfg = Debug|Any CPU
		{24DCE676-9CBB-4616-9B04-E01F81A7AF00}.Debug|x86.Build.0 = Debug|Any CPU
		{24DCE676-9CBB-4616-9B04-E01F81A7AF00}.Release|Any CPU.ActiveCfg = Release|Any CPU
		{24DCE676-9CBB-4616-9B04-E01F81A7AF00}.Release|Any CPU.Build.0 = Release|Any CPU
		{24DCE676-9CBB-4616-9B04-E01F81A7AF00}.Release|x86.ActiveCfg = Release|Any CPU
		{24DCE676-9CBB-4616-9B04-E01F81A7AF00}.Release|x86.Build.0 = Release|Any CPU
		{027267ED-6D82-405E-B94E-694368F9369B}.Debug|Any CPU.ActiveCfg = Debug|Any CPU
		{027267ED-6D82-405E-B94E-694368F9369B}.Debug|Any CPU.Build.0 = Debug|Any CPU
		{027267ED-6D82-405E-B94E-694368F9369B}.Debug|x86.ActiveCfg = Debug|Any CPU
		{027267ED-6D82-405E-B94E-694368F9369B}.Debug|x86.Build.0 = Debug|Any CPU
		{027267ED-6D82-405E-B94E-694368F9369B}.Release|Any CPU.ActiveCfg = Release|Any CPU
		{027267ED-6D82-405E-B94E-694368F9369B}.Release|Any CPU.Build.0 = Release|Any CPU
		{027267ED-6D82-405E-B94E-694368F9369B}.Release|x86.ActiveCfg = Release|Any CPU
		{027267ED-6D82-405E-B94E-694368F9369B}.Release|x86.Build.0 = Release|Any CPU
		{4D39430F-4C17-45A2-9206-7D4D21615121}.Debug|Any CPU.ActiveCfg = Debug|Any CPU
		{4D39430F-4C17-45A2-9206-7D4D21615121}.Debug|Any CPU.Build.0 = Debug|Any CPU
		{4D39430F-4C17-45A2-9206-7D4D21615121}.Debug|x86.ActiveCfg = Debug|Any CPU
		{4D39430F-4C17-45A2-9206-7D4D21615121}.Debug|x86.Build.0 = Debug|Any CPU
		{4D39430F-4C17-45A2-9206-7D4D21615121}.Release|Any CPU.ActiveCfg = Release|Any CPU
		{4D39430F-4C17-45A2-9206-7D4D21615121}.Release|Any CPU.Build.0 = Release|Any CPU
		{4D39430F-4C17-45A2-9206-7D4D21615121}.Release|x86.ActiveCfg = Release|Any CPU
		{4D39430F-4C17-45A2-9206-7D4D21615121}.Release|x86.Build.0 = Release|Any CPU
	EndGlobalSection
	GlobalSection(SolutionProperties) = preSolution
		HideSolutionNode = FALSE
	EndGlobalSection
	GlobalSection(ExtensibilityGlobals) = postSolution
		SolutionGuid = {7E04FF30-1900-4A9F-871E-7A06F3FBD1A7}
	EndGlobalSection
EndGlobal
